
Microsoft Visual Studio Solution File, Format Version 12.00
# Visual Studio Version 17
VisualStudioVersion = 17.14.36603.0 d17.14
MinimumVisualStudioVersion = 10.0.40219.1
Project("{FAE04EC0-301F-11D3-BF4B-00C04F79EFBC}") = "pracika 1", "pracika 1\pracika 1.csproj", "{AE770684-E959-43B7-943F-5AFB07B02071}"
EndProject
Global
	GlobalSection(SolutionConfigurationPlatforms) = preSolution
		Debug|Any CPU = Debug|Any CPU
		Release|Any CPU = Release|Any CPU
	EndGlobalSection
	GlobalSection(ProjectConfigurationPlatforms) = postSolution
		{AE770684-E959-43B7-943F-5AFB07B02071}.Debug|Any CPU.ActiveCfg = Debug|Any CPU
		{AE770684-E959-43B7-943F-5AFB07B02071}.Debug|Any CPU.Build.0 = Debug|Any CPU
		{AE770684-E959-43B7-943F-5AFB07B02071}.Release|Any CPU.ActiveCfg = Release|Any CPU
		{AE770684-E959-43B7-943F-5AFB07B02071}.Release|Any CPU.Build.0 = Release|Any CPU
	EndGlobalSection
	GlobalSection(SolutionProperties) = preSolution
		HideSolutionNode = FALSE
	EndGlobalSection
	GlobalSection(ExtensibilityGlobals) = postSolution
		SolutionGuid = {D8CD8F0C-F78D-473D-8E6C-3520FE3A9E81}
	EndGlobalSection
EndGlobal
